
Microsoft Visual Studio Solution File, Format Version 12.00
# Visual Studio Version 17
VisualStudioVersion = 17.6.33829.357
MinimumVisualStudioVersion = 10.0.40219.1
Project("{FAE04EC0-301F-11D3-BF4B-00C04F79EFBC}") = "SecurityDemo", "SecurityDemo.csproj", "{F8D41501-7DFD-4194-8B28-F315112B02B2}"
EndProject
Global
	GlobalSection(SolutionConfigurationPlatforms) = preSolution
		Debug|Any CPU = Debug|Any CPU
		Release|Any CPU = Release|Any CPU
	EndGlobalSection
	GlobalSection(ProjectConfigurationPlatforms) = postSolution
		{F8D41501-7DFD-4194-8B28-F315112B02B2}.Debug|Any CPU.ActiveCfg = Debug|Any CPU
		{F8D41501-7DFD-4194-8B28-F315112B02B2}.Debug|Any CPU.Build.0 = Debug|Any CPU
		{F8D41501-7DFD-4194-8B28-F315112B02B2}.Release|Any CPU.ActiveCfg = Release|Any CPU
		{F8D41501-7DFD-4194-8B28-F315112B02B2}.Release|Any CPU.Build.0 = Release|Any CPU
	EndGlobalSection
	GlobalSection(SolutionProperties) = preSolution
		HideSolutionNode = FALSE
	EndGlobalSection
	GlobalSection(ExtensibilityGlobals) = postSolution
		SolutionGuid = {AACD94C5-E19E-4BC6-983E-26B18AF1D0DF}
	EndGlobalSection
EndGlobal
